{
  "name": "hello-beeper-comments",
  "version": "0.1.0",
  "lockfileVersion": 3,
  "requires": true,
  "packages": {
    "": {
      "name": "hello-beeper-comments",
      "version": "0.1.0",
      "workspaces": [
        "bot"
      ]
    },
    "bot": {
      "name": "beeper-comments-bot",
      "version": "0.1.0",
      "engines": {
        "node": ">=20"
      }
    },
    "node_modules/beeper-comments-bot": {
      "resolved": "bot",
      "link": true
    }
  }
}
